
Microsoft Visual Studio Solution File, Format Version 12.00
# Visual Studio Version 16
VisualStudioVersion = 16.0.30611.23
MinimumVisualStudioVersion = 10.0.40219.1
Project("{8BC9CEB8-8B4A-11D0-8D11-00A0C91BC942}") = "Project1", "Project1\Project1.vcxproj", "{710F312B-B3E6-48AF-822F-D5900655EA3D}"
EndProject
Global
	GlobalSection(SolutionConfigurationPlatforms) = preSolution
		Debug|x64 = Debug|x64
		Debug|x86 = Debug|x86
		Release|x64 = Release|x64
		Release|x86 = Release|x86
	EndGlobalSection
	GlobalSection(ProjectConfigurationPlatforms) = postSolution
		{710F312B-B3E6-48AF-822F-D5900655EA3D}.Debug|x64.ActiveCfg = Debug|x64
		{710F312B-B3E6-48AF-822F-D5900655EA3D}.Debug|x64.Build.0 = Debug|x64
		{710F312B-B3E6-48AF-822F-D5900655EA3D}.Debug|x86.ActiveCfg = Debug|Win32
		{710F312B-B3E6-48AF-822F-D5900655EA3D}.Debug|x86.Build.0 = Debug|Win32
		{710F312B-B3E6-48AF-822F-D5900655EA3D}.Release|x64.ActiveCfg = Release|x64
		{710F312B-B3E6-48AF-822F-D5900655EA3D}.Release|x64.Build.0 = Release|x64
		{710F312B-B3E6-48AF-822F-D5900655EA3D}.Release|x86.ActiveCfg = Release|Win32
		{710F312B-B3E6-48AF-822F-D5900655EA3D}.Release|x86.Build.0 = Release|Win32
	EndGlobalSection
	GlobalSection(SolutionProperties) = preSolution
		HideSolutionNode = FALSE
	EndGlobalSection
	GlobalSection(ExtensibilityGlobals) = postSolution
		SolutionGuid = {477F3C3E-DCA2-465C-A19A-771CAE7D3B13}
	EndGlobalSection
EndGlobal
